
Microsoft Visual Studio Solution File, Format Version 12.00
# Visual Studio Version 17
VisualStudioVersion = 17.12.35728.132 d17.12
MinimumVisualStudioVersion = 10.0.40219.1
Project("{FAE04EC0-301F-11D3-BF4B-00C04F79EFBC}") = "venhaparaoleds-backend", "venhaparaoleds-backend.csproj", "{449CA8AD-F5CA-489E-AC15-CF9E17476084}"
EndProject
Global
	GlobalSection(SolutionConfigurationPlatforms) = preSolution
		Debug|x86 = Debug|x86
		Release|x86 = Release|x86
	EndGlobalSection
	GlobalSection(ProjectConfigurationPlatforms) = postSolution
		{449CA8AD-F5CA-489E-AC15-CF9E17476084}.Debug|x86.ActiveCfg = Debug|x86
		{449CA8AD-F5CA-489E-AC15-CF9E17476084}.Debug|x86.Build.0 = Debug|x86
		{449CA8AD-F5CA-489E-AC15-CF9E17476084}.Release|x86.ActiveCfg = Release|x86
		{449CA8AD-F5CA-489E-AC15-CF9E17476084}.Release|x86.Build.0 = Release|x86
	EndGlobalSection
	GlobalSection(SolutionProperties) = preSolution
		HideSolutionNode = FALSE
	EndGlobalSection
EndGlobal
